
Microsoft Visual Studio Solution File, Format Version 12.00
# Visual Studio Version 17
VisualStudioVersion = 17.10.34607.79
MinimumVisualStudioVersion = 10.0.40219.1
Project("{FAE04EC0-301F-11D3-BF4B-00C04F79EFBC}") = "LeetCodeTask", "LeetCodeTask\LeetCodeTask.csproj", "{5CB3AB5E-A0A8-427B-8714-1EE57D351E50}"
EndProject
Project("{FAE04EC0-301F-11D3-BF4B-00C04F79EFBC}") = "LeetCodeTaskTests", "LeetCodeTAskTests\LeetCodeTaskTests.csproj", "{6B0650DB-4181-4E67-B85E-79AE0368F4E6}"
EndProject
Global
	GlobalSection(SolutionConfigurationPlatforms) = preSolution
		Debug|Any CPU = Debug|Any CPU
		Release|Any CPU = Release|Any CPU
	EndGlobalSection
	GlobalSection(ProjectConfigurationPlatforms) = postSolution
		{5CB3AB5E-A0A8-427B-8714-1EE57D351E50}.Debug|Any CPU.ActiveCfg = Debug|Any CPU
		{5CB3AB5E-A0A8-427B-8714-1EE57D351E50}.Debug|Any CPU.Build.0 = Debug|Any CPU
		{5CB3AB5E-A0A8-427B-8714-1EE57D351E50}.Release|Any CPU.ActiveCfg = Release|Any CPU
		{5CB3AB5E-A0A8-427B-8714-1EE57D351E50}.Release|Any CPU.Build.0 = Release|Any CPU
		{6B0650DB-4181-4E67-B85E-79AE0368F4E6}.Debug|Any CPU.ActiveCfg = Debug|Any CPU
		{6B0650DB-4181-4E67-B85E-79AE0368F4E6}.Debug|Any CPU.Build.0 = Debug|Any CPU
		{6B0650DB-4181-4E67-B85E-79AE0368F4E6}.Release|Any CPU.ActiveCfg = Release|Any CPU
		{6B0650DB-4181-4E67-B85E-79AE0368F4E6}.Release|Any CPU.Build.0 = Release|Any CPU
	EndGlobalSection
	GlobalSection(SolutionProperties) = preSolution
		HideSolutionNode = FALSE
	EndGlobalSection
	GlobalSection(ExtensibilityGlobals) = postSolution
		SolutionGuid = {B9A80EC8-9626-494F-A114-D145499E1F1C}
	EndGlobalSection
EndGlobal
