
Microsoft Visual Studio Solution File, Format Version 12.00
# Visual Studio Version 17
VisualStudioVersion = 17.8.34227.203
MinimumVisualStudioVersion = 10.0.40219.1
Project("{FAE04EC0-301F-11D3-BF4B-00C04F79EFBC}") = "Server", "Server\Server.csproj", "{066DA7BE-B50F-445C-BBD2-C9B6EE36E00E}"
EndProject
Project("{FAE04EC0-301F-11D3-BF4B-00C04F79EFBC}") = "Client", "Client\Client.csproj", "{921C4267-5627-48CB-BEE5-6C3C9C706B02}"
EndProject
Global
	GlobalSection(SolutionConfigurationPlatforms) = preSolution
		Debug|Any CPU = Debug|Any CPU
		Release|Any CPU = Release|Any CPU
	EndGlobalSection
	GlobalSection(ProjectConfigurationPlatforms) = postSolution
		{066DA7BE-B50F-445C-BBD2-C9B6EE36E00E}.Debug|Any CPU.ActiveCfg = Debug|Any CPU
		{066DA7BE-B50F-445C-BBD2-C9B6EE36E00E}.Debug|Any CPU.Build.0 = Debug|Any CPU
		{066DA7BE-B50F-445C-BBD2-C9B6EE36E00E}.Release|Any CPU.ActiveCfg = Release|Any CPU
		{066DA7BE-B50F-445C-BBD2-C9B6EE36E00E}.Release|Any CPU.Build.0 = Release|Any CPU
		{921C4267-5627-48CB-BEE5-6C3C9C706B02}.Debug|Any CPU.ActiveCfg = Debug|Any CPU
		{921C4267-5627-48CB-BEE5-6C3C9C706B02}.Debug|Any CPU.Build.0 = Debug|Any CPU
		{921C4267-5627-48CB-BEE5-6C3C9C706B02}.Release|Any CPU.ActiveCfg = Release|Any CPU
		{921C4267-5627-48CB-BEE5-6C3C9C706B02}.Release|Any CPU.Build.0 = Release|Any CPU
	EndGlobalSection
	GlobalSection(SolutionProperties) = preSolution
		HideSolutionNode = FALSE
	EndGlobalSection
	GlobalSection(ExtensibilityGlobals) = postSolution
		SolutionGuid = {5E743AB9-D6FD-4671-B62A-7CC86CD60334}
	EndGlobalSection
EndGlobal
